// !$*UTF8*$!
{
	archiveVersion = 1;
	classes = {
	};
	objectVersion = 51;
	objects = {

/* Begin PBXBuildFile section */
		8F24310D25AC5FCD00403182 /* ConsentStatesView.swift in Sources */ = {isa = PBXBuildFile; fileRef = 8F24310C25AC5FCD00403182 /* ConsentStatesView.swift */; };
		8FA8741225AC5AE2003CA69F /* Settings.bundle in Resources */ = {isa = PBXBuildFile; fileRef = 8FA8741125AC5AE2003CA69F /* Settings.bundle */; };
		8FA8741725AC5B04003CA69F /* Localizable.strings in Resources */ = {isa = PBXBuildFile; fileRef = 8FA8741525AC5B04003CA69F /* Localizable.strings */; };
		8FA8741A25AC5B64003CA69F /* SmartlookConsentSDK.framework in Frameworks */ = {isa = PBXBuildFile; fileRef = 8FA8741925AC5B64003CA69F /* SmartlookConsentSDK.framework */; };
		8FA8741B25AC5B64003CA69F /* SmartlookConsentSDK.framework in Embed Frameworks */ = {isa = PBXBuildFile; fileRef = 8FA8741925AC5B64003CA69F /* SmartlookConsentSDK.framework */; settings = {ATTRIBUTES = (CodeSignOnCopy, RemoveHeadersOnCopy, ); }; };
		8FE5C8BD25A88E460073DEBD /* ConsentsDemoSwiftUIApp.swift in Sources */ = {isa = PBXBuildFile; fileRef = 8FE5C8BC25A88E460073DEBD /* ConsentsDemoSwiftUIApp.swift */; };
		8FE5C8BF25A88E460073DEBD /* ContentView.swift in Sources */ = {isa = PBXBuildFile; fileRef = 8FE5C8BE25A88E460073DEBD /* ContentView.swift */; };
		8FE5C8C125A88E480073DEBD /* Assets.xcassets in Resources */ = {isa = PBXBuildFile; fileRef = 8FE5C8C025A88E480073DEBD /* Assets.xcassets */; };
		8FE5C8C425A88E480073DEBD /* Preview Assets.xcassets in Resources */ = {isa = PBXBuildFile; fileRef = 8FE5C8C325A88E480073DEBD /* Preview Assets.xcassets */; };
		8FE5C8D725A898C30073DEBD /* AppDelegate.swift in Sources */ = {isa = PBXBuildFile; fileRef = 8FE5C8D625A898C30073DEBD /* AppDelegate.swift */; };
/* End PBXBuildFile section */

/* Begin PBXCopyFilesBuildPhase section */
		8FA8741C25AC5B64003CA69F /* Embed Frameworks */ = {
			isa = PBXCopyFilesBuildPhase;
			buildActionMask = 2147483647;
			dstPath = "";
			dstSubfolderSpec = 10;
			files = (
				8FA8741B25AC5B64003CA69F /* SmartlookConsentSDK.framework in Embed Frameworks */,
			);
			name = "Embed Frameworks";
			runOnlyForDeploymentPostprocessing = 0;
		};
/* End PBXCopyFilesBuildPhase section */

/* Begin PBXFileReference section */
		8F24310C25AC5FCD00403182 /* ConsentStatesView.swift */ = {isa = PBXFileReference; lastKnownFileType = sourcecode.swift; path = ConsentStatesView.swift; sourceTree = "<group>"; };
		8FA8741125AC5AE2003CA69F /* Settings.bundle */ = {isa = PBXFileReference; lastKnownFileType = "wrapper.plug-in"; name = Settings.bundle; path = ../Shared/Settings.bundle; sourceTree = "<group>"; };
		8FA8741625AC5B04003CA69F /* Base */ = {isa = PBXFileReference; lastKnownFileType = text.plist.strings; name = Base; path = ../../Shared/Base.lproj/Localizable.strings; sourceTree = "<group>"; };
		8FA8741925AC5B64003CA69F /* SmartlookConsentSDK.framework */ = {isa = PBXFileReference; explicitFileType = wrapper.framework; path = SmartlookConsentSDK.framework; sourceTree = BUILT_PRODUCTS_DIR; };
		8FE5C8B925A88E460073DEBD /* ConsentsSwiftUI.app */ = {isa = PBXFileReference; explicitFileType = wrapper.application; includeInIndex = 0; path = ConsentsSwiftUI.app; sourceTree = BUILT_PRODUCTS_DIR; };
		8FE5C8BC25A88E460073DEBD /* ConsentsDemoSwiftUIApp.swift */ = {isa = PBXFileReference; lastKnownFileType = sourcecode.swift; path = ConsentsDemoSwiftUIApp.swift; sourceTree = "<group>"; };
		8FE5C8BE25A88E460073DEBD /* ContentView.swift */ = {isa = PBXFileReference; lastKnownFileType = sourcecode.swift; path = ContentView.swift; sourceTree = "<group>"; };
		8FE5C8C025A88E480073DEBD /* Assets.xcassets */ = {isa = PBXFileReference; lastKnownFileType = folder.assetcatalog; path = Assets.xcassets; sourceTree = "<group>"; };
		8FE5C8C325A88E480073DEBD /* Preview Assets.xcassets */ = {isa = PBXFileReference; lastKnownFileType = folder.assetcatalog; path = "Preview Assets.xcassets"; sourceTree = "<group>"; };
		8FE5C8C525A88E480073DEBD /* Info.plist */ = {isa = PBXFileReference; lastKnownFileType = text.plist.xml; path = Info.plist; sourceTree = "<group>"; };
		8FE5C8D025A8938F0073DEBD /* SmartlookConsentSDK.framework */ = {isa = PBXFileReference; explicitFileType = wrapper.framework; path = SmartlookConsentSDK.framework; sourceTree = BUILT_PRODUCTS_DIR; };
		8FE5C8D625A898C30073DEBD /* AppDelegate.swift */ = {isa = PBXFileReference; lastKnownFileType = sourcecode.swift; path = AppDelegate.swift; sourceTree = "<group>"; };
/* End PBXFileReference section */

/* Begin PBXFrameworksBuildPhase section */
		8FE5C8B625A88E460073DEBD /* Frameworks */ = {
			isa = PBXFrameworksBuildPhase;
			buildActionMask = 2147483647;
			files = (
				8FA8741A25AC5B64003CA69F /* SmartlookConsentSDK.framework in Frameworks */,
			);
			runOnlyForDeploymentPostprocessing = 0;
		};
/* End PBXFrameworksBuildPhase section */

/* Begin PBXGroup section */
		8FE5C8B025A88E460073DEBD = {
			isa = PBXGroup;
			children = (
				8FA8741125AC5AE2003CA69F /* Settings.bundle */,
				8FE5C8BB25A88E460073DEBD /* Sources */,
				8FE5C8BA25A88E460073DEBD /* Products */,
				8FE5C8CF25A8938F0073DEBD /* Frameworks */,
			);
			sourceTree = "<group>";
		};
		8FE5C8BA25A88E460073DEBD /* Products */ = {
			isa = PBXGroup;
			children = (
				8FE5C8B925A88E460073DEBD /* ConsentsSwiftUI.app */,
			);
			name = Products;
			sourceTree = "<group>";
		};
		8FE5C8BB25A88E460073DEBD /* Sources */ = {
			isa = PBXGroup;
			children = (
				8FE5C8D625A898C30073DEBD /* AppDelegate.swift */,
				8FE5C8BC25A88E460073DEBD /* ConsentsDemoSwiftUIApp.swift */,
				8F24310C25AC5FCD00403182 /* ConsentStatesView.swift */,
				8FE5C8BE25A88E460073DEBD /* ContentView.swift */,
				8FE5C8C025A88E480073DEBD /* Assets.xcassets */,
				8FE5C8C525A88E480073DEBD /* Info.plist */,
				8FA8741525AC5B04003CA69F /* Localizable.strings */,
				8FE5C8C225A88E480073DEBD /* Preview Content */,
			);
			path = Sources;
			sourceTree = "<group>";
		};
		8FE5C8C225A88E480073DEBD /* Preview Content */ = {
			isa = PBXGroup;
			children = (
				8FE5C8C325A88E480073DEBD /* Preview Assets.xcassets */,
			);
			path = "Preview Content";
			sourceTree = "<group>";
		};
		8FE5C8CF25A8938F0073DEBD /* Frameworks */ = {
			isa = PBXGroup;
			children = (
				8FA8741925AC5B64003CA69F /* SmartlookConsentSDK.framework */,
				8FE5C8D025A8938F0073DEBD /* SmartlookConsentSDK.framework */,
			);
			name = Frameworks;
			sourceTree = "<group>";
		};
/* End PBXGroup section */

/* Begin PBXNativeTarget section */
		8FE5C8B825A88E460073DEBD /* ConsentsSwiftUI */ = {
			isa = PBXNativeTarget;
			buildConfigurationList = 8FE5C8C825A88E480073DEBD /* Build configuration list for PBXNativeTarget "ConsentsSwiftUI" */;
			buildPhases = (
				8FE5C8B525A88E460073DEBD /* Sources */,
				8FE5C8B625A88E460073DEBD /* Frameworks */,
				8FE5C8B725A88E460073DEBD /* Resources */,
				8FE5C8D525A895560073DEBD /* SwiftLint */,
				8FA8741C25AC5B64003CA69F /* Embed Frameworks */,
			);
			buildRules = (
			);
			dependencies = (
			);
			name = ConsentsSwiftUI;
			productName = "Consents Demo SwiftUI";
			productReference = 8FE5C8B925A88E460073DEBD /* ConsentsSwiftUI.app */;
			productType = "com.apple.product-type.application";
		};
/* End PBXNativeTarget section */

/* Begin PBXProject section */
		8FE5C8B125A88E460073DEBD /* Project object */ = {
			isa = PBXProject;
			attributes = {
				LastSwiftUpdateCheck = 1230;
				LastUpgradeCheck = 1230;
				TargetAttributes = {
					8FE5C8B825A88E460073DEBD = {
						CreatedOnToolsVersion = 12.3;
					};
				};
			};
			buildConfigurationList = 8FE5C8B425A88E460073DEBD /* Build configuration list for PBXProject "ConsentsSwiftUI" */;
			compatibilityVersion = "Xcode 10.0";
			developmentRegion = en;
			hasScannedForEncodings = 0;
			knownRegions = (
				en,
				Base,
			);
			mainGroup = 8FE5C8B025A88E460073DEBD;
			productRefGroup = 8FE5C8BA25A88E460073DEBD /* Products */;
			projectDirPath = "";
			projectRoot = "";
			targets = (
				8FE5C8B825A88E460073DEBD /* ConsentsSwiftUI */,
			);
		};
/* End PBXProject section */

/* Begin PBXResourcesBuildPhase section */
		8FE5C8B725A88E460073DEBD /* Resources */ = {
			isa = PBXResourcesBuildPhase;
			buildActionMask = 2147483647;
			files = (
				8FA8741225AC5AE2003CA69F /* Settings.bundle in Resources */,
				8FA8741725AC5B04003CA69F /* Localizable.strings in Resources */,
				8FE5C8C425A88E480073DEBD /* Preview Assets.xcassets in Resources */,
				8FE5C8C125A88E480073DEBD /* Assets.xcassets in Resources */,
			);
			runOnlyForDeploymentPostprocessing = 0;
		};
/* End PBXResourcesBuildPhase section */

/* Begin PBXShellScriptBuildPhase section */
		8FE5C8D525A895560073DEBD /* SwiftLint */ = {
			isa = PBXShellScriptBuildPhase;
			buildActionMask = 2147483647;
			files = (
			);
			inputFileListPaths = (
			);
			inputPaths = (
			);
			name = SwiftLint;
			outputFileListPaths = (
			);
			outputPaths = (
			);
			runOnlyForDeploymentPostprocessing = 0;
			shellPath = /bin/sh;
			shellScript = "if which swiftlint >/dev/null; then\nswiftlint\nfi\n";
		};
/* End PBXShellScriptBuildPhase section */

/* Begin PBXSourcesBuildPhase section */
		8FE5C8B525A88E460073DEBD /* Sources */ = {
			isa = PBXSourcesBuildPhase;
			buildActionMask = 2147483647;
			files = (
				8FE5C8D725A898C30073DEBD /* AppDelegate.swift in Sources */,
				8FE5C8BF25A88E460073DEBD /* ContentView.swift in Sources */,
				8FE5C8BD25A88E460073DEBD /* ConsentsDemoSwiftUIApp.swift in Sources */,
				8F24310D25AC5FCD00403182 /* ConsentStatesView.swift in Sources */,
			);
			runOnlyForDeploymentPostprocessing = 0;
		};
/* End PBXSourcesBuildPhase section */

/* Begin PBXVariantGroup section */
		8FA8741525AC5B04003CA69F /* Localizable.strings */ = {
			isa = PBXVariantGroup;
			children = (
				8FA8741625AC5B04003CA69F /* Base */,
			);
			name = Localizable.strings;
			sourceTree = "<group>";
		};
/* End PBXVariantGroup section */

/* Begin XCBuildConfiguration section */
		8FE5C8C625A88E480073DEBD /* Debug */ = {
			isa = XCBuildConfiguration;
			buildSettings = {
				ALWAYS_SEARCH_USER_PATHS = NO;
				CLANG_ANALYZER_NONNULL = YES;
				CLANG_ANALYZER_NUMBER_OBJECT_CONVERSION = YES_AGGRESSIVE;
				CLANG_CXX_LANGUAGE_STANDARD = "gnu++14";
				CLANG_CXX_LIBRARY = "libc++";
				CLANG_ENABLE_MODULES = YES;
				CLANG_ENABLE_OBJC_ARC = YES;
				CLANG_ENABLE_OBJC_WEAK = YES;
				CLANG_WARN_BLOCK_CAPTURE_AUTORELEASING = YES;
				CLANG_WARN_BOOL_CONVERSION = YES;
				CLANG_WARN_COMMA = YES;
				CLANG_WARN_CONSTANT_CONVERSION = YES;
				CLANG_WARN_DEPRECATED_OBJC_IMPLEMENTATIONS = YES;
				CLANG_WARN_DIRECT_OBJC_ISA_USAGE = YES_ERROR;
				CLANG_WARN_DOCUMENTATION_COMMENTS = YES;
				CLANG_WARN_EMPTY_BODY = YES;
				CLANG_WARN_ENUM_CONVERSION = YES;
				CLANG_WARN_INFINITE_RECURSION = YES;
				CLANG_WARN_INT_CONVERSION = YES;
				CLANG_WARN_NON_LITERAL_NULL_CONVERSION = YES;
				CLANG_WARN_OBJC_IMPLICIT_RETAIN_SELF = YES;
				CLANG_WARN_OBJC_LITERAL_CONVERSION = YES;
				CLANG_WARN_OBJC_ROOT_CLASS = YES_ERROR;
				CLANG_WARN_QUOTED_INCLUDE_IN_FRAMEWORK_HEADER = YES;
				CLANG_WARN_RANGE_LOOP_ANALYSIS = YES;
				CLANG_WARN_STRICT_PROTOTYPES = YES;
				CLANG_WARN_SUSPICIOUS_MOVE = YES;
				CLANG_WARN_UNGUARDED_AVAILABILITY = YES_AGGRESSIVE;
				CLANG_WARN_UNREACHABLE_CODE = YES;
				CLANG_WARN__DUPLICATE_METHOD_MATCH = YES;
				COPY_PHASE_STRIP = NO;
				DEBUG_INFORMATION_FORMAT = dwarf;
				ENABLE_STRICT_OBJC_MSGSEND = YES;
				ENABLE_TESTABILITY = YES;
				GCC_C_LANGUAGE_STANDARD = gnu11;
				GCC_DYNAMIC_NO_PIC = NO;
				GCC_NO_COMMON_BLOCKS = YES;
				GCC_OPTIMIZATION_LEVEL = 0;
				GCC_PREPROCESSOR_DEFINITIONS = (
					"DEBUG=1",
					"$(inherited)",
				);
				GCC_WARN_64_TO_32_BIT_CONVERSION = YES;
				GCC_WARN_ABOUT_RETURN_TYPE = YES_ERROR;
				GCC_WARN_UNDECLARED_SELECTOR = YES;
				GCC_WARN_UNINITIALIZED_AUTOS = YES_AGGRESSIVE;
				GCC_WARN_UNUSED_FUNCTION = YES;
				GCC_WARN_UNUSED_VARIABLE = YES;
				IPHONEOS_DEPLOYMENT_TARGET = 14.3;
				MTL_ENABLE_DEBUG_INFO = INCLUDE_SOURCE;
				MTL_FAST_MATH = YES;
				ONLY_ACTIVE_ARCH = YES;
				SDKROOT = iphoneos;
				SWIFT_ACTIVE_COMPILATION_CONDITIONS = DEBUG;
				SWIFT_OPTIMIZATION_LEVEL = "-Onone";
			};
			name = Debug;
		};
		8FE5C8C725A88E480073DEBD /* Release */ = {
			isa = XCBuildConfiguration;
			buildSettings = {
				ALWAYS_SEARCH_USER_PATHS = NO;
				CLANG_ANALYZER_NONNULL = YES;
				CLANG_ANALYZER_NUMBER_OBJECT_CONVERSION = YES_AGGRESSIVE;
				CLANG_CXX_LANGUAGE_STANDARD = "gnu++14";
				CLANG_CXX_LIBRARY = "libc++";
				CLANG_ENABLE_MODULES = YES;
				CLANG_ENABLE_OBJC_ARC = YES;
				CLANG_ENABLE_OBJC_WEAK = YES;
				CLANG_WARN_BLOCK_CAPTURE_AUTORELEASING = YES;
				CLANG_WARN_BOOL_CONVERSION = YES;
				CLANG_WARN_COMMA = YES;
				CLANG_WARN_CONSTANT_CONVERSION = YES;
				CLANG_WARN_DEPRECATED_OBJC_IMPLEMENTATIONS = YES;
				CLANG_WARN_DIRECT_OBJC_ISA_USAGE = YES_ERROR;
				CLANG_WARN_DOCUMENTATION_COMMENTS = YES;
				CLANG_WARN_EMPTY_BODY = YES;
				CLANG_WARN_ENUM_CONVERSION = YES;
				CLANG_WARN_INFINITE_RECURSION = YES;
				CLANG_WARN_INT_CONVERSION = YES;
				CLANG_WARN_NON_LITERAL_NULL_CONVERSION = YES;
				CLANG_WARN_OBJC_IMPLICIT_RETAIN_SELF = YES;
				CLANG_WARN_OBJC_LITERAL_CONVERSION = YES;
				CLANG_WARN_OBJC_ROOT_CLASS = YES_ERROR;
				CLANG_WARN_QUOTED_INCLUDE_IN_FRAMEWORK_HEADER = YES;
				CLANG_WARN_RANGE_LOOP_ANALYSIS = YES;
				CLANG_WARN_STRICT_PROTOTYPES = YES;
				CLANG_WARN_SUSPICIOUS_MOVE = YES;
				CLANG_WARN_UNGUARDED_AVAILABILITY = YES_AGGRESSIVE;
				CLANG_WARN_UNREACHABLE_CODE = YES;
				CLANG_WARN__DUPLICATE_METHOD_MATCH = YES;
				COPY_PHASE_STRIP = NO;
				DEBUG_INFORMATION_FORMAT = "dwarf-with-dsym";
				ENABLE_NS_ASSERTIONS = NO;
				ENABLE_STRICT_OBJC_MSGSEND = YES;
				GCC_C_LANGUAGE_STANDARD = gnu11;
				GCC_NO_COMMON_BLOCKS = YES;
				GCC_WARN_64_TO_32_BIT_CONVERSION = YES;
				GCC_WARN_ABOUT_RETURN_TYPE = YES_ERROR;
				GCC_WARN_UNDECLARED_SELECTOR = YES;
				GCC_WARN_UNINITIALIZED_AUTOS = YES_AGGRESSIVE;
				GCC_WARN_UNUSED_FUNCTION = YES;
				GCC_WARN_UNUSED_VARIABLE = YES;
				IPHONEOS_DEPLOYMENT_TARGET = 14.3;
				MTL_ENABLE_DEBUG_INFO = NO;
				MTL_FAST_MATH = YES;
				SDKROOT = iphoneos;
				SWIFT_COMPILATION_MODE = wholemodule;
				SWIFT_OPTIMIZATION_LEVEL = "-O";
				VALIDATE_PRODUCT = YES;
			};
			name = Release;
		};
		8FE5C8C925A88E480073DEBD /* Debug */ = {
			isa = XCBuildConfiguration;
			buildSettings = {
				ASSETCATALOG_COMPILER_APPICON_NAME = AppIcon;
				ASSETCATALOG_COMPILER_GLOBAL_ACCENT_COLOR_NAME = AccentColor;
				CODE_SIGN_STYLE = Automatic;
				DEVELOPMENT_ASSET_PATHS = "\"Sources/Preview Content\"";
				DEVELOPMENT_TEAM = L67NW37249;
				ENABLE_PREVIEWS = YES;
				INFOPLIST_FILE = "$(SRCROOT)/Sources/Info.plist";
				IPHONEOS_DEPLOYMENT_TARGET = 14.0;
				LD_RUNPATH_SEARCH_PATHS = (
					"$(inherited)",
					"@executable_path/Frameworks",
				);
				PRODUCT_BUNDLE_IDENTIFIER = com.smartlook.ConsentSDKDemoSwiftUI;
				PRODUCT_NAME = "$(TARGET_NAME)";
				SWIFT_VERSION = 5.0;
				TARGETED_DEVICE_FAMILY = "1,2";
			};
			name = Debug;
		};
		8FE5C8CA25A88E480073DEBD /* Release */ = {
			isa = XCBuildConfiguration;
			buildSettings = {
				ASSETCATALOG_COMPILER_APPICON_NAME = AppIcon;
				ASSETCATALOG_COMPILER_GLOBAL_ACCENT_COLOR_NAME = AccentColor;
				CODE_SIGN_STYLE = Automatic;
				DEVELOPMENT_ASSET_PATHS = "\"Sources/Preview Content\"";
				DEVELOPMENT_TEAM = L67NW37249;
				ENABLE_PREVIEWS = YES;
				INFOPLIST_FILE = "$(SRCROOT)/Sources/Info.plist";
				IPHONEOS_DEPLOYMENT_TARGET = 14.0;
				LD_RUNPATH_SEARCH_PATHS = (
					"$(inherited)",
					"@executable_path/Frameworks",
				);
				PRODUCT_BUNDLE_IDENTIFIER = com.smartlook.ConsentSDKDemoSwiftUI;
				PRODUCT_NAME = "$(TARGET_NAME)";
				SWIFT_VERSION = 5.0;
				TARGETED_DEVICE_FAMILY = "1,2";
			};
			name = Release;
		};
/* End XCBuildConfiguration section */

/* Begin XCConfigurationList section */
		8FE5C8B425A88E460073DEBD /* Build configuration list for PBXProject "ConsentsSwiftUI" */ = {
			isa = XCConfigurationList;
			buildConfigurations = (
				8FE5C8C625A88E480073DEBD /* Debug */,
				8FE5C8C725A88E480073DEBD /* Release */,
			);
			defaultConfigurationIsVisible = 0;
			defaultConfigurationName = Release;
		};
		8FE5C8C825A88E480073DEBD /* Build configuration list for PBXNativeTarget "ConsentsSwiftUI" */ = {
			isa = XCConfigurationList;
			buildConfigurations = (
				8FE5C8C925A88E480073DEBD /* Debug */,
				8FE5C8CA25A88E480073DEBD /* Release */,
			);
			defaultConfigurationIsVisible = 0;
			defaultConfigurationName = Release;
		};
/* End XCConfigurationList section */
	};
	rootObject = 8FE5C8B125A88E460073DEBD /* Project object */;
}
